{
	"name": "userlogin",
	"version": "0.0.1",
	"lockfileVersion": 1,
	"requires": true,
	"dependencies": {
		"nanoid": {
			"version": "2.1.11",
			"resolved": "https://registry.npm.taobao.org/nanoid/download/nanoid-2.1.11.tgz",
			"integrity": "sha1-7CS4p1jVkVYVMbQXagHjq08PAoA="
		},
		"shortid": {
			"version": "2.2.15",
			"resolved": "https://registry.npm.taobao.org/shortid/download/shortid-2.2.15.tgz",
			"integrity": "sha1-K5AuqpOmmxESA3PNQqHx/kQ3wSI=",
			"requires": {
				"nanoid": "^2.1.0"
			}
		}
	}
}
